
Microsoft Visual Studio Solution File, Format Version 12.00
# Visual Studio Version 17
VisualStudioVersion = 17.13.35919.96
MinimumVisualStudioVersion = 10.0.40219.1
Project("{FAE04EC0-301F-11D3-BF4B-00C04F79EFBC}") = "CapaPresentacion", "CapaPresentacion\CapaPresentacion.csproj", "{AE7F84BC-BDA9-4DE3-AC8A-01608A5E19FC}"
EndProject
Project("{FAE04EC0-301F-11D3-BF4B-00C04F79EFBC}") = "CapaDatos", "CapaDatos\CapaDatos.csproj", "{B4864E9E-12C6-40DA-BE6E-A2E25CE0CF4B}"
EndProject
Project("{FAE04EC0-301F-11D3-BF4B-00C04F79EFBC}") = "CapaNegocio", "CapaNegocio\CapaNegocio.csproj", "{BEAD6370-5E58-469B-ACD2-7B9AEE82B4C9}"
EndProject
Global
	GlobalSection(SolutionConfigurationPlatforms) = preSolution
		Debug|Any CPU = Debug|Any CPU
		Release|Any CPU = Release|Any CPU
	EndGlobalSection
	GlobalSection(ProjectConfigurationPlatforms) = postSolution
		{AE7F84BC-BDA9-4DE3-AC8A-01608A5E19FC}.Debug|Any CPU.ActiveCfg = Debug|Any CPU
		{AE7F84BC-BDA9-4DE3-AC8A-01608A5E19FC}.Debug|Any CPU.Build.0 = Debug|Any CPU
		{AE7F84BC-BDA9-4DE3-AC8A-01608A5E19FC}.Release|Any CPU.ActiveCfg = Release|Any CPU
		{AE7F84BC-BDA9-4DE3-AC8A-01608A5E19FC}.Release|Any CPU.Build.0 = Release|Any CPU
		{B4864E9E-12C6-40DA-BE6E-A2E25CE0CF4B}.Debug|Any CPU.ActiveCfg = Debug|Any CPU
		{B4864E9E-12C6-40DA-BE6E-A2E25CE0CF4B}.Debug|Any CPU.Build.0 = Debug|Any CPU
		{B4864E9E-12C6-40DA-BE6E-A2E25CE0CF4B}.Release|Any CPU.ActiveCfg = Release|Any CPU
		{B4864E9E-12C6-40DA-BE6E-A2E25CE0CF4B}.Release|Any CPU.Build.0 = Release|Any CPU
		{BEAD6370-5E58-469B-ACD2-7B9AEE82B4C9}.Debug|Any CPU.ActiveCfg = Debug|Any CPU
		{BEAD6370-5E58-469B-ACD2-7B9AEE82B4C9}.Debug|Any CPU.Build.0 = Debug|Any CPU
		{BEAD6370-5E58-469B-ACD2-7B9AEE82B4C9}.Release|Any CPU.ActiveCfg = Release|Any CPU
		{BEAD6370-5E58-469B-ACD2-7B9AEE82B4C9}.Release|Any CPU.Build.0 = Release|Any CPU
	EndGlobalSection
	GlobalSection(SolutionProperties) = preSolution
		HideSolutionNode = FALSE
	EndGlobalSection
	GlobalSection(ExtensibilityGlobals) = postSolution
		SolutionGuid = {81E9D276-2371-4BF7-ADA6-DF50CCBAD08C}
	EndGlobalSection
EndGlobal
